lockfileVersion: '9.0'

settings:
  autoInstallPeers: true
  excludeLinksFromLockfile: false

importers:

  .:
    dependencies:
      '@types/amqplib':
        specifier: ^0.10.5
        version: 0.10.5
      '@types/node':
        specifier: ^22.5.1
        version: 22.5.1
      '@types/typescript':
        specifier: ^2.0.0
        version: 2.0.0
      amqplib:
        specifier: ^0.10.4
        version: 0.10.4
      typescript:
        specifier: ^5.5.4
        version: 5.5.4

packages:

  '@acuminous/bitsyntax@0.1.2':
    resolution: {integrity: sha512-29lUK80d1muEQqiUsSo+3A0yP6CdspgC95EnKBMi22Xlwt79i/En4Vr67+cXhU+cZjbti3TgGGC5wy1stIywVQ==}
    engines: {node: '>=0.8'}

  '@types/amqplib@0.10.5':
    resolution: {integrity: sha512-/cSykxROY7BWwDoi4Y4/jLAuZTshZxd8Ey1QYa/VaXriMotBDoou7V/twJiOSHzU6t1Kp1AHAUXGCgqq+6DNeg==}

  '@types/node@22.5.1':
    resolution: {integrity: sha512-KkHsxej0j9IW1KKOOAA/XBA0z08UFSrRQHErzEfA3Vgq57eXIMYboIlHJuYIfd+lwCQjtKqUu3UnmKbtUc9yRw==}

  '@types/typescript@2.0.0':
    resolution: {integrity: sha512-WMEWfMISiJ2QKyk5/dSdgL0ZwP//PZj0jmDU0hMh51FmLq4WIYzjlngsUQZXejQL+QtkXJUOGjb3G3UCvgZuSQ==}
    deprecated: This is a stub types definition for TypeScript (https://github.com/Microsoft/TypeScript). TypeScript provides its own type definitions, so you don't need @types/typescript installed!

  amqplib@0.10.4:
    resolution: {integrity: sha512-DMZ4eCEjAVdX1II2TfIUpJhfKAuoCeDIo/YyETbfAqehHTXxxs7WOOd+N1Xxr4cKhx12y23zk8/os98FxlZHrw==}
    engines: {node: '>=10'}

  buffer-more-ints@1.0.0:
    resolution: {integrity: sha512-EMetuGFz5SLsT0QTnXzINh4Ksr+oo4i+UGTXEshiGCQWnsgSs7ZhJ8fzlwQ+OzEMs0MpDAMr1hxnblp5a4vcHg==}

  core-util-is@1.0.3:
    resolution: {integrity: sha512-ZQBvi1DcpJ4GDqanjucZ2Hj3wEO5pZDS89BWbkcrvdxksJorwUDDZamX9ldFkp9aw2lmBDLgkObEA4DWNJ9FYQ==}

  debug@4.3.6:
    resolution: {integrity: sha512-O/09Bd4Z1fBrU4VzkhFqVgpPzaGbw6Sm9FEkBT1A/YBXQFGuuSxa1dN2nxgxS34JmKXqYx8CZAwEVoJFImUXIg==}
    engines: {node: '>=6.0'}
    peerDependencies:
      supports-color: '*'
    peerDependenciesMeta:
      supports-color:
        optional: true

  inherits@2.0.4:
    resolution: {integrity: sha512-k/vGaX4/Yla3WzyMCvTQOXYeIHvqOKtnqBduzTHpzpQZzAskKMhZ2K+EnBiSM9zGSoIFeMpXKxa4dYeZIQqewQ==}

  isarray@0.0.1:
    resolution: {integrity: sha512-D2S+3GLxWH+uhrNEcoh/fnmYeP8E8/zHl644d/jdA0g2uyXvy3sb0qxotE+ne0LtccHknQzWwZEzhak7oJ0COQ==}

  ms@2.1.2:
    resolution: {integrity: sha512-sGkPx+VjMtmA6MX27oA4FBFELFCZZ4S4XqeGOXCv68tT+jb3vk/RyaKWP0PTKyWtmLSM0b+adUTEvbs1PEaH2w==}

  querystringify@2.2.0:
    resolution: {integrity: sha512-FIqgj2EUvTa7R50u0rGsyTftzjYmv/a3hO345bZNrqabNqjtgiDMgmo4mkUjd+nzU5oF3dClKqFIPUKybUyqoQ==}

  readable-stream@1.1.14:
    resolution: {integrity: sha512-+MeVjFf4L44XUkhM1eYbD8fyEsxcV81pqMSR5gblfcLCHfZvbrqy4/qYHE+/R5HoBUT11WV5O08Cr1n3YXkWVQ==}

  requires-port@1.0.0:
    resolution: {integrity: sha512-KigOCHcocU3XODJxsu8i/j8T9tzT4adHiecwORRQ0ZZFcp7ahwXuRU1m+yuO90C5ZUyGeGfocHDI14M3L3yDAQ==}

  safe-buffer@5.1.2:
    resolution: {integrity: sha512-Gd2UZBJDkXlY7GbJxfsE8/nvKkUEU1G38c1siN6QP6a9PT9MmHB8GnpscSmMJSoF8LOIrt8ud/wPtojys4G6+g==}

  string_decoder@0.10.31:
    resolution: {integrity: sha512-ev2QzSzWPYmy9GuqfIVildA4OdcGLeFZQrq5ys6RtiuF+RQQiZWr8TZNyAcuVXyQRYfEO+MsoB/1BuQVhOJuoQ==}

  typescript@5.5.4:
    resolution: {integrity: sha512-Mtq29sKDAEYP7aljRgtPOpTvOfbwRWlS6dPRzwjdE+C0R4brX/GUyhHSecbHMFLNBLcJIPt9nl9yG5TZ1weH+Q==}
    engines: {node: '>=14.17'}
    hasBin: true

  undici-types@6.19.8:
    resolution: {integrity: sha512-ve2KP6f/JnbPBFyobGHuerC9g1FYGn/F8n1LWTwNxCEzd6IfqTwUQcNXgEtmmQ6DlRrC1hrSrBnCZPokRrDHjw==}

  url-parse@1.5.10:
    resolution: {integrity: sha512-WypcfiRhfeUP9vvF0j6rw0J3hrWrw6iZv3+22h6iRMJ/8z1Tj6XfLP4DsUix5MhMPnXpiHDoKyoZ/bdCkwBCiQ==}

snapshots:

  '@acuminous/bitsyntax@0.1.2':
    dependencies:
      buffer-more-ints: 1.0.0
      debug: 4.3.6
      safe-buffer: 5.1.2
    transitivePeerDependencies:
      - supports-color

  '@types/amqplib@0.10.5':
    dependencies:
      '@types/node': 22.5.1

  '@types/node@22.5.1':
    dependencies:
      undici-types: 6.19.8

  '@types/typescript@2.0.0':
    dependencies:
      typescript: 5.5.4

  amqplib@0.10.4:
    dependencies:
      '@acuminous/bitsyntax': 0.1.2
      buffer-more-ints: 1.0.0
      readable-stream: 1.1.14
      url-parse: 1.5.10
    transitivePeerDependencies:
      - supports-color

  buffer-more-ints@1.0.0: {}

  core-util-is@1.0.3: {}

  debug@4.3.6:
    dependencies:
      ms: 2.1.2

  inherits@2.0.4: {}

  isarray@0.0.1: {}

  ms@2.1.2: {}

  querystringify@2.2.0: {}

  readable-stream@1.1.14:
    dependencies:
      core-util-is: 1.0.3
      inherits: 2.0.4
      isarray: 0.0.1
      string_decoder: 0.10.31

  requires-port@1.0.0: {}

  safe-buffer@5.1.2: {}

  string_decoder@0.10.31: {}

  typescript@5.5.4: {}

  undici-types@6.19.8: {}

  url-parse@1.5.10:
    dependencies:
      querystringify: 2.2.0
      requires-port: 1.0.0
