lockfileVersion: '9.0'

settings:
  autoInstallPeers: true
  excludeLinksFromLockfile: false

importers:

  .:
    dependencies:
      '@types/node':
        specifier: ^22.5.4
        version: 22.5.4
      '@types/typescript':
        specifier: ^2.0.0
        version: 2.0.0
      redis:
        specifier: ^4.7.0
        version: 4.7.0
      typescript:
        specifier: ^5.5.4
        version: 5.5.4

packages:

  '@redis/bloom@1.2.0':
    resolution: {integrity: sha512-HG2DFjYKbpNmVXsa0keLHp/3leGJz1mjh09f2RLGGLQZzSHpkmZWuwJbAvo3QcRY8p80m5+ZdXZdYOSBLlp7Cg==}
    peerDependencies:
      '@redis/client': ^1.0.0

  '@redis/client@1.6.0':
    resolution: {integrity: sha512-aR0uffYI700OEEH4gYnitAnv3vzVGXCFvYfdpu/CJKvk4pHfLPEy/JSZyrpQ+15WhXe1yJRXLtfQ84s4mEXnPg==}
    engines: {node: '>=14'}

  '@redis/graph@1.1.1':
    resolution: {integrity: sha512-FEMTcTHZozZciLRl6GiiIB4zGm5z5F3F6a6FZCyrfxdKOhFlGkiAqlexWMBzCi4DcRoyiOsuLfW+cjlGWyExOw==}
    peerDependencies:
      '@redis/client': ^1.0.0

  '@redis/json@1.0.7':
    resolution: {integrity: sha512-6UyXfjVaTBTJtKNG4/9Z8PSpKE6XgSyEb8iwaqDcy+uKrd/DGYHTWkUdnQDyzm727V7p21WUMhsqz5oy65kPcQ==}
    peerDependencies:
      '@redis/client': ^1.0.0

  '@redis/search@1.2.0':
    resolution: {integrity: sha512-tYoDBbtqOVigEDMAcTGsRlMycIIjwMCgD8eR2t0NANeQmgK/lvxNAvYyb6bZDD4frHRhIHkJu2TBRvB0ERkOmw==}
    peerDependencies:
      '@redis/client': ^1.0.0

  '@redis/time-series@1.1.0':
    resolution: {integrity: sha512-c1Q99M5ljsIuc4YdaCwfUEXsofakb9c8+Zse2qxTadu8TalLXuAESzLvFAvNVbkmSlvlzIQOLpBCmWI9wTOt+g==}
    peerDependencies:
      '@redis/client': ^1.0.0

  '@types/node@22.5.4':
    resolution: {integrity: sha512-FDuKUJQm/ju9fT/SeX/6+gBzoPzlVCzfzmGkwKvRHQVxi4BntVbyIwf6a4Xn62mrvndLiml6z/UBXIdEVjQLXg==}

  '@types/typescript@2.0.0':
    resolution: {integrity: sha512-WMEWfMISiJ2QKyk5/dSdgL0ZwP//PZj0jmDU0hMh51FmLq4WIYzjlngsUQZXejQL+QtkXJUOGjb3G3UCvgZuSQ==}
    deprecated: This is a stub types definition for TypeScript (https://github.com/Microsoft/TypeScript). TypeScript provides its own type definitions, so you don't need @types/typescript installed!

  cluster-key-slot@1.1.2:
    resolution: {integrity: sha512-RMr0FhtfXemyinomL4hrWcYJxmX6deFdCxpJzhDttxgO1+bcCnkk+9drydLVDmAMG7NE6aN/fl4F7ucU/90gAA==}
    engines: {node: '>=0.10.0'}

  generic-pool@3.9.0:
    resolution: {integrity: sha512-hymDOu5B53XvN4QT9dBmZxPX4CWhBPPLguTZ9MMFeFa/Kg0xWVfylOVNlJji/E7yTZWFd/q9GO5TxDLq156D7g==}
    engines: {node: '>= 4'}

  redis@4.7.0:
    resolution: {integrity: sha512-zvmkHEAdGMn+hMRXuMBtu4Vo5P6rHQjLoHftu+lBqq8ZTA3RCVC/WzD790bkKKiNFp7d5/9PcSD19fJyyRvOdQ==}

  typescript@5.5.4:
    resolution: {integrity: sha512-Mtq29sKDAEYP7aljRgtPOpTvOfbwRWlS6dPRzwjdE+C0R4brX/GUyhHSecbHMFLNBLcJIPt9nl9yG5TZ1weH+Q==}
    engines: {node: '>=14.17'}
    hasBin: true

  undici-types@6.19.8:
    resolution: {integrity: sha512-ve2KP6f/JnbPBFyobGHuerC9g1FYGn/F8n1LWTwNxCEzd6IfqTwUQcNXgEtmmQ6DlRrC1hrSrBnCZPokRrDHjw==}

  yallist@4.0.0:
    resolution: {integrity: sha512-3wdGidZyq5PB084XLES5TpOSRA3wjXAlIWMhum2kRcv/41Sn2emQ0dycQW4uZXLejwKvg6EsvbdlVL+FYEct7A==}

snapshots:

  '@redis/bloom@1.2.0(@redis/client@1.6.0)':
    dependencies:
      '@redis/client': 1.6.0

  '@redis/client@1.6.0':
    dependencies:
      cluster-key-slot: 1.1.2
      generic-pool: 3.9.0
      yallist: 4.0.0

  '@redis/graph@1.1.1(@redis/client@1.6.0)':
    dependencies:
      '@redis/client': 1.6.0

  '@redis/json@1.0.7(@redis/client@1.6.0)':
    dependencies:
      '@redis/client': 1.6.0

  '@redis/search@1.2.0(@redis/client@1.6.0)':
    dependencies:
      '@redis/client': 1.6.0

  '@redis/time-series@1.1.0(@redis/client@1.6.0)':
    dependencies:
      '@redis/client': 1.6.0

  '@types/node@22.5.4':
    dependencies:
      undici-types: 6.19.8

  '@types/typescript@2.0.0':
    dependencies:
      typescript: 5.5.4

  cluster-key-slot@1.1.2: {}

  generic-pool@3.9.0: {}

  redis@4.7.0:
    dependencies:
      '@redis/bloom': 1.2.0(@redis/client@1.6.0)
      '@redis/client': 1.6.0
      '@redis/graph': 1.1.1(@redis/client@1.6.0)
      '@redis/json': 1.0.7(@redis/client@1.6.0)
      '@redis/search': 1.2.0(@redis/client@1.6.0)
      '@redis/time-series': 1.1.0(@redis/client@1.6.0)

  typescript@5.5.4: {}

  undici-types@6.19.8: {}

  yallist@4.0.0: {}
